
Microsoft Visual Studio Solution File, Format Version 12.00
# Visual Studio Version 17
VisualStudioVersion = 17.4.33213.308
MinimumVisualStudioVersion = 10.0.40219.1
Project("{FAE04EC0-301F-11D3-BF4B-00C04F79EFBC}") = "Contatti", "Contatti\Contatti.csproj", "{C2A41B37-B185-464B-994D-A86867687739}"
EndProject
Global
	GlobalSection(SolutionConfigurationPlatforms) = preSolution
		Debug|Any CPU = Debug|Any CPU
		Release|Any CPU = Release|Any CPU
	EndGlobalSection
	GlobalSection(ProjectConfigurationPlatforms) = postSolution
		{C2A41B37-B185-464B-994D-A86867687739}.Debug|Any CPU.ActiveCfg = Debug|Any CPU
		{C2A41B37-B185-464B-994D-A86867687739}.Debug|Any CPU.Build.0 = Debug|Any CPU
		{C2A41B37-B185-464B-994D-A86867687739}.Release|Any CPU.ActiveCfg = Release|Any CPU
		{C2A41B37-B185-464B-994D-A86867687739}.Release|Any CPU.Build.0 = Release|Any CPU
	EndGlobalSection
	GlobalSection(SolutionProperties) = preSolution
		HideSolutionNode = FALSE
	EndGlobalSection
	GlobalSection(ExtensibilityGlobals) = postSolution
		SolutionGuid = {E665AB2E-F456-4784-BF54-397334D47858}
	EndGlobalSection
EndGlobal
